
Microsoft Visual Studio Solution File, Format Version 12.00
# Visual Studio Version 17
VisualStudioVersion = 17.5.002.0
MinimumVisualStudioVersion = 10.0.40219.1
Project("{9A19103F-16F7-4668-BE54-9A1E7A4F7556}") = "C#", "C#\C#.csproj", "{EC7B9CB3-12BD-4C25-A376-1BCF21047A96}"
EndProject
Global
	GlobalSection(SolutionConfigurationPlatforms) = preSolution
		Debug|Any CPU = Debug|Any CPU
		Release|Any CPU = Release|Any CPU
	EndGlobalSection
	GlobalSection(ProjectConfigurationPlatforms) = postSolution
		{EC7B9CB3-12BD-4C25-A376-1BCF21047A96}.Debug|Any CPU.ActiveCfg = Debug|Any CPU
		{EC7B9CB3-12BD-4C25-A376-1BCF21047A96}.Debug|Any CPU.Build.0 = Debug|Any CPU
		{EC7B9CB3-12BD-4C25-A376-1BCF21047A96}.Release|Any CPU.ActiveCfg = Release|Any CPU
		{EC7B9CB3-12BD-4C25-A376-1BCF21047A96}.Release|Any CPU.Build.0 = Release|Any CPU
	EndGlobalSection
	GlobalSection(SolutionProperties) = preSolution
		HideSolutionNode = FALSE
	EndGlobalSection
	GlobalSection(ExtensibilityGlobals) = postSolution
		SolutionGuid = {EF05097C-29F9-4719-BCD1-2E702D24FB74}
	EndGlobalSection
EndGlobal
